{
  "name": "zcrypto",
  "version": "1.0.0",
  "lockfileVersion": 1,
  "requires": true,
  "dependencies": {
    "blake2": {
      "version": "2.0.1",
      "resolved": "https://registry.npmjs.org/blake2/-/blake2-2.0.1.tgz",
      "integrity": "sha512-vX4aFerU61LnJFVa4XnUla+jqQLWh8+rTL8KkYZG00bHaZA3bi43XTqcy59A5jkk6/h9J4aVgsp3JOdtUkgKnw==",
      "requires": {
        "nan": "^2.0.0"
      }
    },
    "nan": {
      "version": "2.14.0",
      "resolved": "https://registry.npmjs.org/nan/-/nan-2.14.0.tgz",
      "integrity": "sha512-INOFj37C7k3AfaNTtX8RhsTw7qRy7eLET14cROi9+5HAVbbHuIWUHEauBv5qT4Av2tWasiTY1Jw6puUNqRJXQg=="
    }
  }
}
